
Microsoft Visual Studio Solution File, Format Version 12.00
# Visual Studio Version 16
VisualStudioVersion = 16.0.31019.35
MinimumVisualStudioVersion = 15.0.26124.0
Project("{9A19103F-16F7-4668-BE54-9A1E7A4F7556}") = "RecadastroAMG.Web", "RecadastroAMG.Web\RecadastroAMG.Web.csproj", "{A6B2C227-B0AD-411C-BFC3-A0DAE287105C}"
EndProject
Project("{6EC3EE1D-3C4E-46DD-8F32-0CC8E7565705}") = "RecadastroAMG.Logic", "RecadastroAMG.Logic\RecadastroAMG.Logic.fsproj", "{7FC4D62C-3028-4E4F-8312-83413CC42807}"
EndProject
Project("{2150E333-8FDC-42A3-9474-1A3956D46DE8}") = "Solution Items", "Solution Items", "{E10FFB54-5E0A-49C3-9832-0397278355BA}"
	ProjectSection(SolutionItems) = preProject
		associados.csv = associados.csv
		baseAtual.xlsx = baseAtual.xlsx
	EndProjectSection
EndProject
Project("{2150E333-8FDC-42A3-9474-1A3956D46DE8}") = "Logic", "Logic", "{5EE9DA99-4DB5-4CAD-A5B6-3FD7D908A459}"
EndProject
Project("{F2A71F9B-5D33-465A-A702-920D77279786}") = "RecadastroAMG.Logic.Tets", "RecadastroAMG.Logic.Tets\RecadastroAMG.Logic.Tets.fsproj", "{1C1F5562-E03C-4EB4-9BD8-E72DD3108BF9}"
EndProject
Global
	GlobalSection(SolutionConfigurationPlatforms) = preSolution
		Debug|Any CPU = Debug|Any CPU
		Debug|x64 = Debug|x64
		Debug|x86 = Debug|x86
		Release|Any CPU = Release|Any CPU
		Release|x64 = Release|x64
		Release|x86 = Release|x86
	EndGlobalSection
	GlobalSection(ProjectConfigurationPlatforms) = postSolution
		{A6B2C227-B0AD-411C-BFC3-A0DAE287105C}.Debug|Any CPU.ActiveCfg = Debug|Any CPU
		{A6B2C227-B0AD-411C-BFC3-A0DAE287105C}.Debug|Any CPU.Build.0 = Debug|Any CPU
		{A6B2C227-B0AD-411C-BFC3-A0DAE287105C}.Debug|x64.ActiveCfg = Debug|Any CPU
		{A6B2C227-B0AD-411C-BFC3-A0DAE287105C}.Debug|x64.Build.0 = Debug|Any CPU
		{A6B2C227-B0AD-411C-BFC3-A0DAE287105C}.Debug|x86.ActiveCfg = Debug|Any CPU
		{A6B2C227-B0AD-411C-BFC3-A0DAE287105C}.Debug|x86.Build.0 = Debug|Any CPU
		{A6B2C227-B0AD-411C-BFC3-A0DAE287105C}.Release|Any CPU.ActiveCfg = Release|Any CPU
		{A6B2C227-B0AD-411C-BFC3-A0DAE287105C}.Release|Any CPU.Build.0 = Release|Any CPU
		{A6B2C227-B0AD-411C-BFC3-A0DAE287105C}.Release|x64.ActiveCfg = Release|Any CPU
		{A6B2C227-B0AD-411C-BFC3-A0DAE287105C}.Release|x64.Build.0 = Release|Any CPU
		{A6B2C227-B0AD-411C-BFC3-A0DAE287105C}.Release|x86.ActiveCfg = Release|Any CPU
		{A6B2C227-B0AD-411C-BFC3-A0DAE287105C}.Release|x86.Build.0 = Release|Any CPU
		{7FC4D62C-3028-4E4F-8312-83413CC42807}.Debug|Any CPU.ActiveCfg = Debug|Any CPU
		{7FC4D62C-3028-4E4F-8312-83413CC42807}.Debug|Any CPU.Build.0 = Debug|Any CPU
		{7FC4D62C-3028-4E4F-8312-83413CC42807}.Debug|x64.ActiveCfg = Debug|Any CPU
		{7FC4D62C-3028-4E4F-8312-83413CC42807}.Debug|x64.Build.0 = Debug|Any CPU
		{7FC4D62C-3028-4E4F-8312-83413CC42807}.Debug|x86.ActiveCfg = Debug|Any CPU
		{7FC4D62C-3028-4E4F-8312-83413CC42807}.Debug|x86.Build.0 = Debug|Any CPU
		{7FC4D62C-3028-4E4F-8312-83413CC42807}.Release|Any CPU.ActiveCfg = Release|Any CPU
		{7FC4D62C-3028-4E4F-8312-83413CC42807}.Release|Any CPU.Build.0 = Release|Any CPU
		{7FC4D62C-3028-4E4F-8312-83413CC42807}.Release|x64.ActiveCfg = Release|Any CPU
		{7FC4D62C-3028-4E4F-8312-83413CC42807}.Release|x64.Build.0 = Release|Any CPU
		{7FC4D62C-3028-4E4F-8312-83413CC42807}.Release|x86.ActiveCfg = Release|Any CPU
		{7FC4D62C-3028-4E4F-8312-83413CC42807}.Release|x86.Build.0 = Release|Any CPU
		{1C1F5562-E03C-4EB4-9BD8-E72DD3108BF9}.Debug|Any CPU.ActiveCfg = Debug|Any CPU
		{1C1F5562-E03C-4EB4-9BD8-E72DD3108BF9}.Debug|Any CPU.Build.0 = Debug|Any CPU
		{1C1F5562-E03C-4EB4-9BD8-E72DD3108BF9}.Debug|x64.ActiveCfg = Debug|Any CPU
		{1C1F5562-E03C-4EB4-9BD8-E72DD3108BF9}.Debug|x64.Build.0 = Debug|Any CPU
		{1C1F5562-E03C-4EB4-9BD8-E72DD3108BF9}.Debug|x86.ActiveCfg = Debug|Any CPU
		{1C1F5562-E03C-4EB4-9BD8-E72DD3108BF9}.Debug|x86.Build.0 = Debug|Any CPU
		{1C1F5562-E03C-4EB4-9BD8-E72DD3108BF9}.Release|Any CPU.ActiveCfg = Release|Any CPU
		{1C1F5562-E03C-4EB4-9BD8-E72DD3108BF9}.Release|Any CPU.Build.0 = Release|Any CPU
		{1C1F5562-E03C-4EB4-9BD8-E72DD3108BF9}.Release|x64.ActiveCfg = Release|Any CPU
		{1C1F5562-E03C-4EB4-9BD8-E72DD3108BF9}.Release|x64.Build.0 = Release|Any CPU
		{1C1F5562-E03C-4EB4-9BD8-E72DD3108BF9}.Release|x86.ActiveCfg = Release|Any CPU
		{1C1F5562-E03C-4EB4-9BD8-E72DD3108BF9}.Release|x86.Build.0 = Release|Any CPU
	EndGlobalSection
	GlobalSection(SolutionProperties) = preSolution
		HideSolutionNode = FALSE
	EndGlobalSection
	GlobalSection(NestedProjects) = preSolution
		{7FC4D62C-3028-4E4F-8312-83413CC42807} = {5EE9DA99-4DB5-4CAD-A5B6-3FD7D908A459}
		{1C1F5562-E03C-4EB4-9BD8-E72DD3108BF9} = {5EE9DA99-4DB5-4CAD-A5B6-3FD7D908A459}
	EndGlobalSection
	GlobalSection(ExtensibilityGlobals) = postSolution
		SolutionGuid = {C821A0DF-5EFB-4919-8506-3773CC86A594}
	EndGlobalSection
EndGlobal
