
Microsoft Visual Studio Solution File, Format Version 12.00
# Visual Studio Version 16
VisualStudioVersion = 16.0.31019.35
MinimumVisualStudioVersion = 15.0.26124.0
Project("{9A19103F-16F7-4668-BE54-9A1E7A4F7556}") = "RecadastroAMG.Web", "RecadastroAMG.Web\RecadastroAMG.Web.csproj", "{A6B2C227-B0AD-411C-BFC3-A0DAE287105C}"
EndProject
Project("{6EC3EE1D-3C4E-46DD-8F32-0CC8E7565705}") = "RecadastroAMG.Logic", "RecadastroAMG.Logic\RecadastroAMG.Logic.fsproj", "{7FC4D62C-3028-4E4F-8312-83413CC42807}"
EndProject
Project("{2150E333-8FDC-42A3-9474-1A3956D46DE8}") = "Solution Items", "Solution Items", "{E10FFB54-5E0A-49C3-9832-0397278355BA}"
	ProjectSection(SolutionItems) = preProject
		associados.csv = associados.csv
		baseAtual.xlsx = baseAtual.xlsx
	EndProjectSection
EndProject
Project("{2150E333-8FDC-42A3-9474-1A3956D46DE8}") = "Logic", "Logic", "{5EE9DA99-4DB5-4CAD-A5B6-3FD7D908A459}"
EndProject
Project("{6EC3EE1D-3C4E-46DD-8F32-0CC8E7565705}") = "RecadastroAMG.Logic.Tets", "RecadastroAMG.Logic.Tets\RecadastroAMG.Logic.Tets.fsproj", "{1C1F5562-E03C-4EB4-9BD8-E72DD3108BF9}"
EndProject
Project("{6EC3EE1D-3C4E-46DD-8F32-0CC8E7565705}") = "RecadastroAMG.Logic2", "RecadastroAMG.Logic2\RecadastroAMG.Logic2.fsproj", "{18BA95D9-34C0-4821-AC22-33DC939B73D1}"
EndProject
Project("{FAE04EC0-301F-11D3-BF4B-00C04F79EFBC}") = "RecadastroAMOG.Api", "RecadastroAMOG.Api\RecadastroAMOG.Api.csproj", "{72556B51-36EF-4C0A-8F39-77406068E293}"
EndProject
Project("{F2A71F9B-5D33-465A-A702-920D77279786}") = "RecadastroAMG.Api2", "..\RecadastroAMG.Api2\RecadastroAMG.Api2.fsproj", "{5C5DE20E-BBE7-4D4F-B4E9-EAB4F3EA24E2}"
EndProject
Project("{F2A71F9B-5D33-465A-A702-920D77279786}") = "RecadastroAMG.Api3", "..\RecadastroAMG.Api3\RecadastroAMG.Api3.fsproj", "{F685C13B-4B92-45F6-9FC5-47051B6BB457}"
EndProject
Global
	GlobalSection(SolutionConfigurationPlatforms) = preSolution
		Debug|Any CPU = Debug|Any CPU
		Debug|x64 = Debug|x64
		Debug|x86 = Debug|x86
		Release|Any CPU = Release|Any CPU
		Release|x64 = Release|x64
		Release|x86 = Release|x86
	EndGlobalSection
	GlobalSection(ProjectConfigurationPlatforms) = postSolution
		{A6B2C227-B0AD-411C-BFC3-A0DAE287105C}.Debug|Any CPU.ActiveCfg = Debug|Any CPU
		{A6B2C227-B0AD-411C-BFC3-A0DAE287105C}.Debug|Any CPU.Build.0 = Debug|Any CPU
		{A6B2C227-B0AD-411C-BFC3-A0DAE287105C}.Debug|x64.ActiveCfg = Debug|Any CPU
		{A6B2C227-B0AD-411C-BFC3-A0DAE287105C}.Debug|x64.Build.0 = Debug|Any CPU
		{A6B2C227-B0AD-411C-BFC3-A0DAE287105C}.Debug|x86.ActiveCfg = Debug|Any CPU
		{A6B2C227-B0AD-411C-BFC3-A0DAE287105C}.Debug|x86.Build.0 = Debug|Any CPU
		{A6B2C227-B0AD-411C-BFC3-A0DAE287105C}.Release|Any CPU.ActiveCfg = Release|Any CPU
		{A6B2C227-B0AD-411C-BFC3-A0DAE287105C}.Release|Any CPU.Build.0 = Release|Any CPU
		{A6B2C227-B0AD-411C-BFC3-A0DAE287105C}.Release|x64.ActiveCfg = Release|Any CPU
		{A6B2C227-B0AD-411C-BFC3-A0DAE287105C}.Release|x64.Build.0 = Release|Any CPU
		{A6B2C227-B0AD-411C-BFC3-A0DAE287105C}.Release|x86.ActiveCfg = Release|Any CPU
		{A6B2C227-B0AD-411C-BFC3-A0DAE287105C}.Release|x86.Build.0 = Release|Any CPU
		{7FC4D62C-3028-4E4F-8312-83413CC42807}.Debug|Any CPU.ActiveCfg = Debug|Any CPU
		{7FC4D62C-3028-4E4F-8312-83413CC42807}.Debug|Any CPU.Build.0 = Debug|Any CPU
		{7FC4D62C-3028-4E4F-8312-83413CC42807}.Debug|x64.ActiveCfg = Debug|Any CPU
		{7FC4D62C-3028-4E4F-8312-83413CC42807}.Debug|x64.Build.0 = Debug|Any CPU
		{7FC4D62C-3028-4E4F-8312-83413CC42807}.Debug|x86.ActiveCfg = Debug|Any CPU
		{7FC4D62C-3028-4E4F-8312-83413CC42807}.Debug|x86.Build.0 = Debug|Any CPU
		{7FC4D62C-3028-4E4F-8312-83413CC42807}.Release|Any CPU.ActiveCfg = Release|Any CPU
		{7FC4D62C-3028-4E4F-8312-83413CC42807}.Release|Any CPU.Build.0 = Release|Any CPU
		{7FC4D62C-3028-4E4F-8312-83413CC42807}.Release|x64.ActiveCfg = Release|Any CPU
		{7FC4D62C-3028-4E4F-8312-83413CC42807}.Release|x64.Build.0 = Release|Any CPU
		{7FC4D62C-3028-4E4F-8312-83413CC42807}.Release|x86.ActiveCfg = Release|Any CPU
		{7FC4D62C-3028-4E4F-8312-83413CC42807}.Release|x86.Build.0 = Release|Any CPU
		{1C1F5562-E03C-4EB4-9BD8-E72DD3108BF9}.Debug|Any CPU.ActiveCfg = Debug|Any CPU
		{1C1F5562-E03C-4EB4-9BD8-E72DD3108BF9}.Debug|Any CPU.Build.0 = Debug|Any CPU
		{1C1F5562-E03C-4EB4-9BD8-E72DD3108BF9}.Debug|x64.ActiveCfg = Debug|Any CPU
		{1C1F5562-E03C-4EB4-9BD8-E72DD3108BF9}.Debug|x64.Build.0 = Debug|Any CPU
		{1C1F5562-E03C-4EB4-9BD8-E72DD3108BF9}.Debug|x86.ActiveCfg = Debug|Any CPU
		{1C1F5562-E03C-4EB4-9BD8-E72DD3108BF9}.Debug|x86.Build.0 = Debug|Any CPU
		{1C1F5562-E03C-4EB4-9BD8-E72DD3108BF9}.Release|Any CPU.ActiveCfg = Release|Any CPU
		{1C1F5562-E03C-4EB4-9BD8-E72DD3108BF9}.Release|Any CPU.Build.0 = Release|Any CPU
		{1C1F5562-E03C-4EB4-9BD8-E72DD3108BF9}.Release|x64.ActiveCfg = Release|Any CPU
		{1C1F5562-E03C-4EB4-9BD8-E72DD3108BF9}.Release|x64.Build.0 = Release|Any CPU
		{1C1F5562-E03C-4EB4-9BD8-E72DD3108BF9}.Release|x86.ActiveCfg = Release|Any CPU
		{1C1F5562-E03C-4EB4-9BD8-E72DD3108BF9}.Release|x86.Build.0 = Release|Any CPU
		{18BA95D9-34C0-4821-AC22-33DC939B73D1}.Debug|Any CPU.ActiveCfg = Debug|Any CPU
		{18BA95D9-34C0-4821-AC22-33DC939B73D1}.Debug|Any CPU.Build.0 = Debug|Any CPU
		{18BA95D9-34C0-4821-AC22-33DC939B73D1}.Debug|x64.ActiveCfg = Debug|Any CPU
		{18BA95D9-34C0-4821-AC22-33DC939B73D1}.Debug|x64.Build.0 = Debug|Any CPU
		{18BA95D9-34C0-4821-AC22-33DC939B73D1}.Debug|x86.ActiveCfg = Debug|Any CPU
		{18BA95D9-34C0-4821-AC22-33DC939B73D1}.Debug|x86.Build.0 = Debug|Any CPU
		{18BA95D9-34C0-4821-AC22-33DC939B73D1}.Release|Any CPU.ActiveCfg = Release|Any CPU
		{18BA95D9-34C0-4821-AC22-33DC939B73D1}.Release|Any CPU.Build.0 = Release|Any CPU
		{18BA95D9-34C0-4821-AC22-33DC939B73D1}.Release|x64.ActiveCfg = Release|Any CPU
		{18BA95D9-34C0-4821-AC22-33DC939B73D1}.Release|x64.Build.0 = Release|Any CPU
		{18BA95D9-34C0-4821-AC22-33DC939B73D1}.Release|x86.ActiveCfg = Release|Any CPU
		{18BA95D9-34C0-4821-AC22-33DC939B73D1}.Release|x86.Build.0 = Release|Any CPU
		{72556B51-36EF-4C0A-8F39-77406068E293}.Debug|Any CPU.ActiveCfg = Debug|Any CPU
		{72556B51-36EF-4C0A-8F39-77406068E293}.Debug|Any CPU.Build.0 = Debug|Any CPU
		{72556B51-36EF-4C0A-8F39-77406068E293}.Debug|x64.ActiveCfg = Debug|Any CPU
		{72556B51-36EF-4C0A-8F39-77406068E293}.Debug|x64.Build.0 = Debug|Any CPU
		{72556B51-36EF-4C0A-8F39-77406068E293}.Debug|x86.ActiveCfg = Debug|Any CPU
		{72556B51-36EF-4C0A-8F39-77406068E293}.Debug|x86.Build.0 = Debug|Any CPU
		{72556B51-36EF-4C0A-8F39-77406068E293}.Release|Any CPU.ActiveCfg = Release|Any CPU
		{72556B51-36EF-4C0A-8F39-77406068E293}.Release|Any CPU.Build.0 = Release|Any CPU
		{72556B51-36EF-4C0A-8F39-77406068E293}.Release|x64.ActiveCfg = Release|Any CPU
		{72556B51-36EF-4C0A-8F39-77406068E293}.Release|x64.Build.0 = Release|Any CPU
		{72556B51-36EF-4C0A-8F39-77406068E293}.Release|x86.ActiveCfg = Release|Any CPU
		{72556B51-36EF-4C0A-8F39-77406068E293}.Release|x86.Build.0 = Release|Any CPU
		{5C5DE20E-BBE7-4D4F-B4E9-EAB4F3EA24E2}.Debug|Any CPU.ActiveCfg = Debug|Any CPU
		{5C5DE20E-BBE7-4D4F-B4E9-EAB4F3EA24E2}.Debug|Any CPU.Build.0 = Debug|Any CPU
		{5C5DE20E-BBE7-4D4F-B4E9-EAB4F3EA24E2}.Debug|x64.ActiveCfg = Debug|Any CPU
		{5C5DE20E-BBE7-4D4F-B4E9-EAB4F3EA24E2}.Debug|x64.Build.0 = Debug|Any CPU
		{5C5DE20E-BBE7-4D4F-B4E9-EAB4F3EA24E2}.Debug|x86.ActiveCfg = Debug|Any CPU
		{5C5DE20E-BBE7-4D4F-B4E9-EAB4F3EA24E2}.Debug|x86.Build.0 = Debug|Any CPU
		{5C5DE20E-BBE7-4D4F-B4E9-EAB4F3EA24E2}.Release|Any CPU.ActiveCfg = Release|Any CPU
		{5C5DE20E-BBE7-4D4F-B4E9-EAB4F3EA24E2}.Release|Any CPU.Build.0 = Release|Any CPU
		{5C5DE20E-BBE7-4D4F-B4E9-EAB4F3EA24E2}.Release|x64.ActiveCfg = Release|Any CPU
		{5C5DE20E-BBE7-4D4F-B4E9-EAB4F3EA24E2}.Release|x64.Build.0 = Release|Any CPU
		{5C5DE20E-BBE7-4D4F-B4E9-EAB4F3EA24E2}.Release|x86.ActiveCfg = Release|Any CPU
		{5C5DE20E-BBE7-4D4F-B4E9-EAB4F3EA24E2}.Release|x86.Build.0 = Release|Any CPU
		{F685C13B-4B92-45F6-9FC5-47051B6BB457}.Debug|Any CPU.ActiveCfg = Debug|Any CPU
		{F685C13B-4B92-45F6-9FC5-47051B6BB457}.Debug|Any CPU.Build.0 = Debug|Any CPU
		{F685C13B-4B92-45F6-9FC5-47051B6BB457}.Debug|x64.ActiveCfg = Debug|Any CPU
		{F685C13B-4B92-45F6-9FC5-47051B6BB457}.Debug|x64.Build.0 = Debug|Any CPU
		{F685C13B-4B92-45F6-9FC5-47051B6BB457}.Debug|x86.ActiveCfg = Debug|Any CPU
		{F685C13B-4B92-45F6-9FC5-47051B6BB457}.Debug|x86.Build.0 = Debug|Any CPU
		{F685C13B-4B92-45F6-9FC5-47051B6BB457}.Release|Any CPU.ActiveCfg = Release|Any CPU
		{F685C13B-4B92-45F6-9FC5-47051B6BB457}.Release|Any CPU.Build.0 = Release|Any CPU
		{F685C13B-4B92-45F6-9FC5-47051B6BB457}.Release|x64.ActiveCfg = Release|Any CPU
		{F685C13B-4B92-45F6-9FC5-47051B6BB457}.Release|x64.Build.0 = Release|Any CPU
		{F685C13B-4B92-45F6-9FC5-47051B6BB457}.Release|x86.ActiveCfg = Release|Any CPU
		{F685C13B-4B92-45F6-9FC5-47051B6BB457}.Release|x86.Build.0 = Release|Any CPU
	EndGlobalSection
	GlobalSection(SolutionProperties) = preSolution
		HideSolutionNode = FALSE
	EndGlobalSection
	GlobalSection(NestedProjects) = preSolution
		{7FC4D62C-3028-4E4F-8312-83413CC42807} = {5EE9DA99-4DB5-4CAD-A5B6-3FD7D908A459}
		{1C1F5562-E03C-4EB4-9BD8-E72DD3108BF9} = {5EE9DA99-4DB5-4CAD-A5B6-3FD7D908A459}
	EndGlobalSection
	GlobalSection(ExtensibilityGlobals) = postSolution
		SolutionGuid = {C821A0DF-5EFB-4919-8506-3773CC86A594}
	EndGlobalSection
EndGlobal
